
Microsoft Visual Studio Solution File, Format Version 12.00
# Visual Studio Version 16
VisualStudioVersion = 16.0.30503.244
MinimumVisualStudioVersion = 10.0.40219.1
Project("{9A19103F-16F7-4668-BE54-9A1E7A4F7556}") = "GenderProblem", "GenderProblem.csproj", "{CC35F1A3-34DB-4968-84D8-A030B910EFCB}"
EndProject
Global
	GlobalSection(SolutionConfigurationPlatforms) = preSolution
		Debug|Any CPU = Debug|Any CPU
		Release|Any CPU = Release|Any CPU
	EndGlobalSection
	GlobalSection(ProjectConfigurationPlatforms) = postSolution
		{CC35F1A3-34DB-4968-84D8-A030B910EFCB}.Debug|Any CPU.ActiveCfg = Debug|Any CPU
		{CC35F1A3-34DB-4968-84D8-A030B910EFCB}.Debug|Any CPU.Build.0 = Debug|Any CPU
		{CC35F1A3-34DB-4968-84D8-A030B910EFCB}.Release|Any CPU.ActiveCfg = Release|Any CPU
		{CC35F1A3-34DB-4968-84D8-A030B910EFCB}.Release|Any CPU.Build.0 = Release|Any CPU
	EndGlobalSection
	GlobalSection(SolutionProperties) = preSolution
		HideSolutionNode = FALSE
	EndGlobalSection
	GlobalSection(ExtensibilityGlobals) = postSolution
		SolutionGuid = {BD7EF065-B105-4080-90AD-EF9781B8ED53}
	EndGlobalSection
EndGlobal
