
Microsoft Visual Studio Solution File, Format Version 12.00
# Visual Studio 15
VisualStudioVersion = 15.0.27428.1
MinimumVisualStudioVersion = 10.0.40219.1
Project("{FAE04EC0-301F-11D3-BF4B-00C04F79EFBC}") = "EfCoreValueConverterDemo", "EfCoreValueConverterDemo\EfCoreValueConverterDemo.csproj", "{0FC688E2-9E50-457A-8688-207568A8AFF9}"
EndProject
Global
	GlobalSection(SolutionConfigurationPlatforms) = preSolution
		Debug|Any CPU = Debug|Any CPU
		Release|Any CPU = Release|Any CPU
	EndGlobalSection
	GlobalSection(ProjectConfigurationPlatforms) = postSolution
		{0FC688E2-9E50-457A-8688-207568A8AFF9}.Debug|Any CPU.ActiveCfg = Debug|Any CPU
		{0FC688E2-9E50-457A-8688-207568A8AFF9}.Debug|Any CPU.Build.0 = Debug|Any CPU
		{0FC688E2-9E50-457A-8688-207568A8AFF9}.Release|Any CPU.ActiveCfg = Release|Any CPU
		{0FC688E2-9E50-457A-8688-207568A8AFF9}.Release|Any CPU.Build.0 = Release|Any CPU
	EndGlobalSection
	GlobalSection(SolutionProperties) = preSolution
		HideSolutionNode = FALSE
	EndGlobalSection
	GlobalSection(ExtensibilityGlobals) = postSolution
		SolutionGuid = {BFDB42F3-175B-4139-8669-8FFC60DEBFD1}
	EndGlobalSection
EndGlobal
