
Microsoft Visual Studio Solution File, Format Version 12.00
# Visual Studio 15
VisualStudioVersion = 15.0.27428.1
MinimumVisualStudioVersion = 10.0.40219.1
Project("{FAE04EC0-301F-11D3-BF4B-00C04F79EFBC}") = "EfCoreGlobalFilterBugDemo", "EfCoreGlobalFilterBugDemo\EfCoreGlobalFilterBugDemo.csproj", "{B1C9BF9C-B7B2-4ED4-9C76-CDA8B5F14240}"
EndProject
Global
	GlobalSection(SolutionConfigurationPlatforms) = preSolution
		Debug|Any CPU = Debug|Any CPU
		Release|Any CPU = Release|Any CPU
	EndGlobalSection
	GlobalSection(ProjectConfigurationPlatforms) = postSolution
		{B1C9BF9C-B7B2-4ED4-9C76-CDA8B5F14240}.Debug|Any CPU.ActiveCfg = Debug|Any CPU
		{B1C9BF9C-B7B2-4ED4-9C76-CDA8B5F14240}.Debug|Any CPU.Build.0 = Debug|Any CPU
		{B1C9BF9C-B7B2-4ED4-9C76-CDA8B5F14240}.Release|Any CPU.ActiveCfg = Release|Any CPU
		{B1C9BF9C-B7B2-4ED4-9C76-CDA8B5F14240}.Release|Any CPU.Build.0 = Release|Any CPU
	EndGlobalSection
	GlobalSection(SolutionProperties) = preSolution
		HideSolutionNode = FALSE
	EndGlobalSection
	GlobalSection(ExtensibilityGlobals) = postSolution
		SolutionGuid = {15C54943-9C66-477B-BCEE-44E4B6EBDE73}
	EndGlobalSection
EndGlobal
