
Microsoft Visual Studio Solution File, Format Version 12.00
# Visual Studio 15
VisualStudioVersion = 15.0.27428.1
MinimumVisualStudioVersion = 10.0.40219.1
Project("{FAE04EC0-301F-11D3-BF4B-00C04F79EFBC}") = "TypescriptMvcDemo", "TypescriptMvcDemo\TypescriptMvcDemo.csproj", "{818BFF97-0235-49EC-8EB4-D862034FDA61}"
EndProject
Global
	GlobalSection(SolutionConfigurationPlatforms) = preSolution
		Debug|Any CPU = Debug|Any CPU
		Release|Any CPU = Release|Any CPU
	EndGlobalSection
	GlobalSection(ProjectConfigurationPlatforms) = postSolution
		{818BFF97-0235-49EC-8EB4-D862034FDA61}.Debug|Any CPU.ActiveCfg = Debug|Any CPU
		{818BFF97-0235-49EC-8EB4-D862034FDA61}.Debug|Any CPU.Build.0 = Debug|Any CPU
		{818BFF97-0235-49EC-8EB4-D862034FDA61}.Release|Any CPU.ActiveCfg = Release|Any CPU
		{818BFF97-0235-49EC-8EB4-D862034FDA61}.Release|Any CPU.Build.0 = Release|Any CPU
	EndGlobalSection
	GlobalSection(SolutionProperties) = preSolution
		HideSolutionNode = FALSE
	EndGlobalSection
	GlobalSection(ExtensibilityGlobals) = postSolution
		SolutionGuid = {72B99684-6032-4C57-9957-53DFAE855423}
	EndGlobalSection
EndGlobal
